
Microsoft Visual Studio Solution File, Format Version 12.00
# Visual Studio Version 16
VisualStudioVersion = 16.0.29709.97
MinimumVisualStudioVersion = 10.0.40219.1
Project("{888888A0-9F3D-457C-B088-3A5042F75D52}") = "json", "json\json.pyproj", "{CB8FC8D3-0506-4BCB-942C-32BFC0F9AD05}"
EndProject
Global
	GlobalSection(SolutionConfigurationPlatforms) = preSolution
		Debug|Any CPU = Debug|Any CPU
		Release|Any CPU = Release|Any CPU
	EndGlobalSection
	GlobalSection(ProjectConfigurationPlatforms) = postSolution
		{CB8FC8D3-0506-4BCB-942C-32BFC0F9AD05}.Debug|Any CPU.ActiveCfg = Debug|Any CPU
		{CB8FC8D3-0506-4BCB-942C-32BFC0F9AD05}.Release|Any CPU.ActiveCfg = Release|Any CPU
	EndGlobalSection
	GlobalSection(SolutionProperties) = preSolution
		HideSolutionNode = FALSE
	EndGlobalSection
	GlobalSection(ExtensibilityGlobals) = postSolution
		SolutionGuid = {CBFC6868-D637-43DE-A0ED-96D5A165DD6A}
	EndGlobalSection
EndGlobal
